
Microsoft Visual Studio Solution File, Format Version 12.00
# Visual Studio Version 17
VisualStudioVersion = 17.6.33815.320
MinimumVisualStudioVersion = 10.0.40219.1
Project("{FAE04EC0-301F-11D3-BF4B-00C04F79EFBC}") = "RepairHub", "RepairHub\RepairHub.csproj", "{C280F846-4B65-4926-AF30-0DEAB388BEF9}"
EndProject
Project("{FAE04EC0-301F-11D3-BF4B-00C04F79EFBC}") = "Repository", "Repository\Repository.csproj", "{82536F5B-A58B-4A10-96C0-FB602947DF33}"
EndProject
Project("{FAE04EC0-301F-11D3-BF4B-00C04F79EFBC}") = "Services", "Services\Services.csproj", "{27990B5D-16EE-46B5-88F8-D201857A9419}"
EndProject
Project("{FAE04EC0-301F-11D3-BF4B-00C04F79EFBC}") = "Model", "Model\Model.csproj", "{3E872B93-F5F5-421F-B170-D0D13EC0E460}"
EndProject
Project("{FAE04EC0-301F-11D3-BF4B-00C04F79EFBC}") = "Common", "Common\Common.csproj", "{86D689F4-C61B-4F14-AE60-7C36DBAFB913}"
EndProject
Global
	GlobalSection(SolutionConfigurationPlatforms) = preSolution
		Debug|Any CPU = Debug|Any CPU
		Release|Any CPU = Release|Any CPU
	EndGlobalSection
	GlobalSection(ProjectConfigurationPlatforms) = postSolution
		{C280F846-4B65-4926-AF30-0DEAB388BEF9}.Debug|Any CPU.ActiveCfg = Debug|Any CPU
		{C280F846-4B65-4926-AF30-0DEAB388BEF9}.Debug|Any CPU.Build.0 = Debug|Any CPU
		{C280F846-4B65-4926-AF30-0DEAB388BEF9}.Release|Any CPU.ActiveCfg = Release|Any CPU
		{C280F846-4B65-4926-AF30-0DEAB388BEF9}.Release|Any CPU.Build.0 = Release|Any CPU
		{82536F5B-A58B-4A10-96C0-FB602947DF33}.Debug|Any CPU.ActiveCfg = Debug|Any CPU
		{82536F5B-A58B-4A10-96C0-FB602947DF33}.Debug|Any CPU.Build.0 = Debug|Any CPU
		{82536F5B-A58B-4A10-96C0-FB602947DF33}.Release|Any CPU.ActiveCfg = Release|Any CPU
		{82536F5B-A58B-4A10-96C0-FB602947DF33}.Release|Any CPU.Build.0 = Release|Any CPU
		{27990B5D-16EE-46B5-88F8-D201857A9419}.Debug|Any CPU.ActiveCfg = Debug|Any CPU
		{27990B5D-16EE-46B5-88F8-D201857A9419}.Debug|Any CPU.Build.0 = Debug|Any CPU
		{27990B5D-16EE-46B5-88F8-D201857A9419}.Release|Any CPU.ActiveCfg = Release|Any CPU
		{27990B5D-16EE-46B5-88F8-D201857A9419}.Release|Any CPU.Build.0 = Release|Any CPU
		{3E872B93-F5F5-421F-B170-D0D13EC0E460}.Debug|Any CPU.ActiveCfg = Debug|Any CPU
		{3E872B93-F5F5-421F-B170-D0D13EC0E460}.Debug|Any CPU.Build.0 = Debug|Any CPU
		{3E872B93-F5F5-421F-B170-D0D13EC0E460}.Release|Any CPU.ActiveCfg = Release|Any CPU
		{3E872B93-F5F5-421F-B170-D0D13EC0E460}.Release|Any CPU.Build.0 = Release|Any CPU
		{86D689F4-C61B-4F14-AE60-7C36DBAFB913}.Debug|Any CPU.ActiveCfg = Debug|Any CPU
		{86D689F4-C61B-4F14-AE60-7C36DBAFB913}.Debug|Any CPU.Build.0 = Debug|Any CPU
		{86D689F4-C61B-4F14-AE60-7C36DBAFB913}.Release|Any CPU.ActiveCfg = Release|Any CPU
		{86D689F4-C61B-4F14-AE60-7C36DBAFB913}.Release|Any CPU.Build.0 = Release|Any CPU
	EndGlobalSection
	GlobalSection(SolutionProperties) = preSolution
		HideSolutionNode = FALSE
	EndGlobalSection
	GlobalSection(ExtensibilityGlobals) = postSolution
		SolutionGuid = {47FD1062-2B26-4B36-8625-691A965737AC}
	EndGlobalSection
EndGlobal
